
Microsoft Visual Studio Solution File, Format Version 12.00
# Visual Studio Version 17
VisualStudioVersion = 17.7.34009.444
MinimumVisualStudioVersion = 10.0.40219.1
Project("{2150E333-8FDC-42A3-9474-1A3956D46DE8}") = "src", "src", "{EAD23725-8154-44B4-AA18-A14FDCAF11BA}"
EndProject
Project("{9A19103F-16F7-4668-BE54-9A1E7A4F7556}") = "LATROMI.Facades.GoogleDrive", "src\LATROMI.Facades.GoogleDrive\LATROMI.Facades.GoogleDrive.csproj", "{2E3DA8DF-EC95-4060-8E0D-5F37FBF2BDD2}"
EndProject
Project("{9A19103F-16F7-4668-BE54-9A1E7A4F7556}") = "LATROMI.Facades.AWS", "src\LATROMI.Facades.AWS\LATROMI.Facades.AWS.csproj", "{8B8AD324-572C-48C3-886E-D11E421818F4}"
EndProject
Project("{FAE04EC0-301F-11D3-BF4B-00C04F79EFBC}") = "LATROMI.Facades.Azure", "src\LATROMI.Facades.Azure\LATROMI.Facades.Azure.csproj", "{7B71CED4-EF9D-4B75-A8B4-CC9A7F9A312F}"
EndProject
Global
	GlobalSection(SolutionConfigurationPlatforms) = preSolution
		Debug|Any CPU = Debug|Any CPU
		Release|Any CPU = Release|Any CPU
	EndGlobalSection
	GlobalSection(ProjectConfigurationPlatforms) = postSolution
		{2E3DA8DF-EC95-4060-8E0D-5F37FBF2BDD2}.Debug|Any CPU.ActiveCfg = Debug|Any CPU
		{2E3DA8DF-EC95-4060-8E0D-5F37FBF2BDD2}.Debug|Any CPU.Build.0 = Debug|Any CPU
		{2E3DA8DF-EC95-4060-8E0D-5F37FBF2BDD2}.Release|Any CPU.ActiveCfg = Release|Any CPU
		{2E3DA8DF-EC95-4060-8E0D-5F37FBF2BDD2}.Release|Any CPU.Build.0 = Release|Any CPU
		{8B8AD324-572C-48C3-886E-D11E421818F4}.Debug|Any CPU.ActiveCfg = Debug|Any CPU
		{8B8AD324-572C-48C3-886E-D11E421818F4}.Debug|Any CPU.Build.0 = Debug|Any CPU
		{8B8AD324-572C-48C3-886E-D11E421818F4}.Release|Any CPU.ActiveCfg = Release|Any CPU
		{8B8AD324-572C-48C3-886E-D11E421818F4}.Release|Any CPU.Build.0 = Release|Any CPU
		{7B71CED4-EF9D-4B75-A8B4-CC9A7F9A312F}.Debug|Any CPU.ActiveCfg = Debug|Any CPU
		{7B71CED4-EF9D-4B75-A8B4-CC9A7F9A312F}.Debug|Any CPU.Build.0 = Debug|Any CPU
		{7B71CED4-EF9D-4B75-A8B4-CC9A7F9A312F}.Release|Any CPU.ActiveCfg = Release|Any CPU
		{7B71CED4-EF9D-4B75-A8B4-CC9A7F9A312F}.Release|Any CPU.Build.0 = Release|Any CPU
	EndGlobalSection
	GlobalSection(SolutionProperties) = preSolution
		HideSolutionNode = FALSE
	EndGlobalSection
	GlobalSection(NestedProjects) = preSolution
		{2E3DA8DF-EC95-4060-8E0D-5F37FBF2BDD2} = {EAD23725-8154-44B4-AA18-A14FDCAF11BA}
		{8B8AD324-572C-48C3-886E-D11E421818F4} = {EAD23725-8154-44B4-AA18-A14FDCAF11BA}
		{7B71CED4-EF9D-4B75-A8B4-CC9A7F9A312F} = {EAD23725-8154-44B4-AA18-A14FDCAF11BA}
	EndGlobalSection
	GlobalSection(ExtensibilityGlobals) = postSolution
		SolutionGuid = {D58BECDD-8977-48D3-B75B-7CEA0A96A70B}
	EndGlobalSection
EndGlobal
